Microsoft Visual Studio Solution File, Format Version 12.00
# Visual Studio Version 16
VisualStudioVersion = 16.0.28711.60
MinimumVisualStudioVersion = 10.0.40219.1
Project("{9A19103F-16F7-4668-BE54-9A1E7A4F7556}") = "Pixelaria", "Pixelaria\Pixelaria.csproj", "{9DBEE059-E16E-4EE4-8DF0-6ECD2FE2EAC2}"
EndProject
Project("{2150E333-8FDC-42A3-9474-1A3956D46DE8}") = "Solution Items", "Solution Items", "{D44BF346-80F2-4635-8CA8-DFAF080054E8}"
EndProject
Project("{FAE04EC0-301F-11D3-BF4B-00C04F79EFBC}") = "PixelariaTests", "PixelariaTests\PixelariaTests.csproj", "{19E287FD-E33A-4E40-8A1F-D40E5EFDF2F1}"
EndProject
Project("{FAE04EC0-301F-11D3-BF4B-00C04F79EFBC}") = "PixSnapshot", "PixSnapshot\PixSnapshot.csproj", "{EB5D6DEA-6AE2-4545-A708-6F0F2B1F5C50}"
EndProject
Project("{FAE04EC0-301F-11D3-BF4B-00C04F79EFBC}") = "PixSnapshotTests", "PixSnapshotTests\PixSnapshotTests.csproj", "{7A06E6B6-2416-46A4-BBDC-D11EB2B056FA}"
EndProject
Project("{9A19103F-16F7-4668-BE54-9A1E7A4F7556}") = "PixPipelineGraphTests", "PixPipelineGraphTests\PixPipelineGraphTests.csproj", "{6B094D9B-95EF-4C06-A49B-25DC7985D2E8}"
EndProject
Project("{9A19103F-16F7-4668-BE54-9A1E7A4F7556}") = "PixPipelineGraph", "PixPipelineGraph\PixPipelineGraph.csproj", "{B2D72E98-EADD-4FB4-A803-3893110227B2}"
EndProject
Project("{FAE04EC0-301F-11D3-BF4B-00C04F79EFBC}") = "PixCore", "PixCore\PixCore.csproj", "{C3CA2308-5C22-4F33-B36B-223E0C0363FB}"
EndProject
Project("{FAE04EC0-301F-11D3-BF4B-00C04F79EFBC}") = "PixCoreTests", "PixCoreTests\PixCoreTests.csproj", "{601FDEB7-595E-4CCC-A213-48BCADEC5B64}"
EndProject
Project("{FAE04EC0-301F-11D3-BF4B-00C04F79EFBC}") = "PixUI", "PixUI\PixUI.csproj", "{E35540DB-B5FB-4826-A510-C9AE8E90DD56}"
EndProject
Project("{FAE04EC0-301F-11D3-BF4B-00C04F79EFBC}") = "PixUITests", "PixUITests\PixUITests.csproj", "{8A6FC780-2792-4642-BCAE-7C2F7B278729}"
EndProject
Project("{FAE04EC0-301F-11D3-BF4B-00C04F79EFBC}") = "PixDirectX", "PixDirectX\PixDirectX.csproj", "{626B3274-714A-4D8E-95FE-1196CD365FA9}"
EndProject
Project("{FAE04EC0-301F-11D3-BF4B-00C04F79EFBC}") = "PixDirectXTests", "PixDirectXTests\PixDirectXTests.csproj", "{8DCDF4EC-12AE-42F2-964D-420025C1CB46}"
EndProject
Global
	GlobalSection(SolutionConfigurationPlatforms) = preSolution
		Debug|Any CPU = Debug|Any CPU
		Debug|Mixed Platforms = Debug|Mixed Platforms
		Debug|x64 = Debug|x64
		Debug|x86 = Debug|x86
		Release|Any CPU = Release|Any CPU
		Release|Mixed Platforms = Release|Mixed Platforms
		Release|x64 = Release|x64
		Release|x86 = Release|x86
	EndGlobalSection
	GlobalSection(ProjectConfigurationPlatforms) = postSolution
		{9DBEE059-E16E-4EE4-8DF0-6ECD2FE2EAC2}.Debug|Any CPU.ActiveCfg = Debug|Any CPU
		{9DBEE059-E16E-4EE4-8DF0-6ECD2FE2EAC2}.Debug|Any CPU.Build.0 = Debug|Any CPU
		{9DBEE059-E16E-4EE4-8DF0-6ECD2FE2EAC2}.Debug|Mixed Platforms.ActiveCfg = Debug|Any CPU
		{9DBEE059-E16E-4EE4-8DF0-6ECD2FE2EAC2}.Debug|Mixed Platforms.Build.0 = Debug|Any CPU
		{9DBEE059-E16E-4EE4-8DF0-6ECD2FE2EAC2}.Debug|x64.ActiveCfg = Debug|Any CPU
		{9DBEE059-E16E-4EE4-8DF0-6ECD2FE2EAC2}.Debug|x64.Build.0 = Debug|Any CPU
		{9DBEE059-E16E-4EE4-8DF0-6ECD2FE2EAC2}.Debug|x86.ActiveCfg = Debug|Any CPU
		{9DBEE059-E16E-4EE4-8DF0-6ECD2FE2EAC2}.Debug|x86.Build.0 = Debug|Any CPU
		{9DBEE059-E16E-4EE4-8DF0-6ECD2FE2EAC2}.Release|Any CPU.ActiveCfg = Release|Any CPU
		{9DBEE059-E16E-4EE4-8DF0-6ECD2FE2EAC2}.Release|Any CPU.Build.0 = Release|Any CPU
		{9DBEE059-E16E-4EE4-8DF0-6ECD2FE2EAC2}.Release|Mixed Platforms.ActiveCfg = Release|Any CPU
		{9DBEE059-E16E-4EE4-8DF0-6ECD2FE2EAC2}.Release|Mixed Platforms.Build.0 = Release|Any CPU
		{9DBEE059-E16E-4EE4-8DF0-6ECD2FE2EAC2}.Release|x64.ActiveCfg = Release|Any CPU
		{9DBEE059-E16E-4EE4-8DF0-6ECD2FE2EAC2}.Release|x64.Build.0 = Release|Any CPU
		{9DBEE059-E16E-4EE4-8DF0-6ECD2FE2EAC2}.Release|x86.ActiveCfg = Release|Any CPU
		{9DBEE059-E16E-4EE4-8DF0-6ECD2FE2EAC2}.Release|x86.Build.0 = Release|Any CPU
		{19E287FD-E33A-4E40-8A1F-D40E5EFDF2F1}.Debug|Any CPU.ActiveCfg = Debug|Any CPU
		{19E287FD-E33A-4E40-8A1F-D40E5EFDF2F1}.Debug|Any CPU.Build.0 = Debug|Any CPU
		{19E287FD-E33A-4E40-8A1F-D40E5EFDF2F1}.Debug|Mixed Platforms.ActiveCfg = Debug|Any CPU
		{19E287FD-E33A-4E40-8A1F-D40E5EFDF2F1}.Debug|Mixed Platforms.Build.0 = Debug|Any CPU
		{19E287FD-E33A-4E40-8A1F-D40E5EFDF2F1}.Debug|x64.ActiveCfg = Debug|Any CPU
		{19E287FD-E33A-4E40-8A1F-D40E5EFDF2F1}.Debug|x86.ActiveCfg = Debug|Any CPU
		{19E287FD-E33A-4E40-8A1F-D40E5EFDF2F1}.Release|Any CPU.ActiveCfg = Release|Any CPU
		{19E287FD-E33A-4E40-8A1F-D40E5EFDF2F1}.Release|Any CPU.Build.0 = Release|Any CPU
		{19E287FD-E33A-4E40-8A1F-D40E5EFDF2F1}.Release|Mixed Platforms.ActiveCfg = Release|Any CPU
		{19E287FD-E33A-4E40-8A1F-D40E5EFDF2F1}.Release|Mixed Platforms.Build.0 = Release|Any CPU
		{19E287FD-E33A-4E40-8A1F-D40E5EFDF2F1}.Release|x64.ActiveCfg = Release|Any CPU
		{19E287FD-E33A-4E40-8A1F-D40E5EFDF2F1}.Release|x86.ActiveCfg = Release|Any CPU
		{EB5D6DEA-6AE2-4545-A708-6F0F2B1F5C50}.Debug|Any CPU.ActiveCfg = Debug|Any CPU
		{EB5D6DEA-6AE2-4545-A708-6F0F2B1F5C50}.Debug|Any CPU.Build.0 = Debug|Any CPU
		{EB5D6DEA-6AE2-4545-A708-6F0F2B1F5C50}.Debug|Mixed Platforms.ActiveCfg = Debug|Any CPU
		{EB5D6DEA-6AE2-4545-A708-6F0F2B1F5C50}.Debug|Mixed Platforms.Build.0 = Debug|Any CPU
		{EB5D6DEA-6AE2-4545-A708-6F0F2B1F5C50}.Debug|x64.ActiveCfg = Debug|Any CPU
		{EB5D6DEA-6AE2-4545-A708-6F0F2B1F5C50}.Debug|x64.Build.0 = Debug|Any CPU
		{EB5D6DEA-6AE2-4545-A708-6F0F2B1F5C50}.Debug|x86.ActiveCfg = Debug|Any CPU
		{EB5D6DEA-6AE2-4545-A708-6F0F2B1F5C50}.Debug|x86.Build.0 = Debug|Any CPU
		{EB5D6DEA-6AE2-4545-A708-6F0F2B1F5C50}.Release|Any CPU.ActiveCfg = Release|Any CPU
		{EB5D6DEA-6AE2-4545-A708-6F0F2B1F5C50}.Release|Any CPU.Build.0 = Release|Any CPU
		{EB5D6DEA-6AE2-4545-A708-6F0F2B1F5C50}.Release|Mixed Platforms.ActiveCfg = Release|Any CPU
		{EB5D6DEA-6AE2-4545-A708-6F0F2B1F5C50}.Release|Mixed Platforms.Build.0 = Release|Any CPU
		{EB5D6DEA-6AE2-4545-A708-6F0F2B1F5C50}.Release|x64.ActiveCfg = Release|Any CPU
		{EB5D6DEA-6AE2-4545-A708-6F0F2B1F5C50}.Release|x64.Build.0 = Release|Any CPU
		{EB5D6DEA-6AE2-4545-A708-6F0F2B1F5C50}.Release|x86.ActiveCfg = Release|Any CPU
		{EB5D6DEA-6AE2-4545-A708-6F0F2B1F5C50}.Release|x86.Build.0 = Release|Any CPU
		{7A06E6B6-2416-46A4-BBDC-D11EB2B056FA}.Debug|Any CPU.ActiveCfg = Debug|Any CPU
		{7A06E6B6-2416-46A4-BBDC-D11EB2B056FA}.Debug|Any CPU.Build.0 = Debug|Any CPU
		{7A06E6B6-2416-46A4-BBDC-D11EB2B056FA}.Debug|Mixed Platforms.ActiveCfg = Debug|Any CPU
		{7A06E6B6-2416-46A4-BBDC-D11EB2B056FA}.Debug|Mixed Platforms.Build.0 = Debug|Any CPU
		{7A06E6B6-2416-46A4-BBDC-D11EB2B056FA}.Debug|x64.ActiveCfg = Debug|Any CPU
		{7A06E6B6-2416-46A4-BBDC-D11EB2B056FA}.Debug|x64.Build.0 = Debug|Any CPU
		{7A06E6B6-2416-46A4-BBDC-D11EB2B056FA}.Debug|x86.ActiveCfg = Debug|Any CPU
		{7A06E6B6-2416-46A4-BBDC-D11EB2B056FA}.Debug|x86.Build.0 = Debug|Any CPU
		{7A06E6B6-2416-46A4-BBDC-D11EB2B056FA}.Release|Any CPU.ActiveCfg = Release|Any CPU
		{7A06E6B6-2416-46A4-BBDC-D11EB2B056FA}.Release|Any CPU.Build.0 = Release|Any CPU
		{7A06E6B6-2416-46A4-BBDC-D11EB2B056FA}.Release|Mixed Platforms.ActiveCfg = Release|Any CPU
		{7A06E6B6-2416-46A4-BBDC-D11EB2B056FA}.Release|Mixed Platforms.Build.0 = Release|Any CPU
		{7A06E6B6-2416-46A4-BBDC-D11EB2B056FA}.Release|x64.ActiveCfg = Release|Any CPU
		{7A06E6B6-2416-46A4-BBDC-D11EB2B056FA}.Release|x64.Build.0 = Release|Any CPU
		{7A06E6B6-2416-46A4-BBDC-D11EB2B056FA}.Release|x86.ActiveCfg = Release|Any CPU
		{7A06E6B6-2416-46A4-BBDC-D11EB2B056FA}.Release|x86.Build.0 = Release|Any CPU
		{6B094D9B-95EF-4C06-A49B-25DC7985D2E8}.Debug|Any CPU.ActiveCfg = Debug|Any CPU
		{6B094D9B-95EF-4C06-A49B-25DC7985D2E8}.Debug|Any CPU.Build.0 = Debug|Any CPU
		{6B094D9B-95EF-4C06-A49B-25DC7985D2E8}.Debug|Mixed Platforms.ActiveCfg = Debug|Any CPU
		{6B094D9B-95EF-4C06-A49B-25DC7985D2E8}.Debug|Mixed Platforms.Build.0 = Debug|Any CPU
		{6B094D9B-95EF-4C06-A49B-25DC7985D2E8}.Debug|x64.ActiveCfg = Debug|Any CPU
		{6B094D9B-95EF-4C06-A49B-25DC7985D2E8}.Debug|x64.Build.0 = Debug|Any CPU
		{6B094D9B-95EF-4C06-A49B-25DC7985D2E8}.Debug|x86.ActiveCfg = Debug|Any CPU
		{6B094D9B-95EF-4C06-A49B-25DC7985D2E8}.Debug|x86.Build.0 = Debug|Any CPU
		{6B094D9B-95EF-4C06-A49B-25DC7985D2E8}.Release|Any CPU.ActiveCfg = Release|Any CPU
		{6B094D9B-95EF-4C06-A49B-25DC7985D2E8}.Release|Any CPU.Build.0 = Release|Any CPU
		{6B094D9B-95EF-4C06-A49B-25DC7985D2E8}.Release|Mixed Platforms.ActiveCfg = Release|Any CPU
		{6B094D9B-95EF-4C06-A49B-25DC7985D2E8}.Release|Mixed Platforms.Build.0 = Release|Any CPU
		{6B094D9B-95EF-4C06-A49B-25DC7985D2E8}.Release|x64.ActiveCfg = Release|Any CPU
		{6B094D9B-95EF-4C06-A49B-25DC7985D2E8}.Release|x64.Build.0 = Release|Any CPU
		{6B094D9B-95EF-4C06-A49B-25DC7985D2E8}.Release|x86.ActiveCfg = Release|Any CPU
		{6B094D9B-95EF-4C06-A49B-25DC7985D2E8}.Release|x86.Build.0 = Release|Any CPU
		{B2D72E98-EADD-4FB4-A803-3893110227B2}.Debug|Any CPU.ActiveCfg = Debug|Any CPU
		{B2D72E98-EADD-4FB4-A803-3893110227B2}.Debug|Any CPU.Build.0 = Debug|Any CPU
		{B2D72E98-EADD-4FB4-A803-3893110227B2}.Debug|Mixed Platforms.ActiveCfg = Debug|Any CPU
		{B2D72E98-EADD-4FB4-A803-3893110227B2}.Debug|Mixed Platforms.Build.0 = Debug|Any CPU
		{B2D72E98-EADD-4FB4-A803-3893110227B2}.Debug|x64.ActiveCfg = Debug|Any CPU
		{B2D72E98-EADD-4FB4-A803-3893110227B2}.Debug|x64.Build.0 = Debug|Any CPU
		{B2D72E98-EADD-4FB4-A803-3893110227B2}.Debug|x86.ActiveCfg = Debug|Any CPU
		{B2D72E98-EADD-4FB4-A803-3893110227B2}.Debug|x86.Build.0 = Debug|Any CPU
		{B2D72E98-EADD-4FB4-A803-3893110227B2}.Release|Any CPU.ActiveCfg = Release|Any CPU
		{B2D72E98-EADD-4FB4-A803-3893110227B2}.Release|Any CPU.Build.0 = Release|Any CPU
		{B2D72E98-EADD-4FB4-A803-3893110227B2}.Release|Mixed Platforms.ActiveCfg = Release|Any CPU
		{B2D72E98-EADD-4FB4-A803-3893110227B2}.Release|Mixed Platforms.Build.0 = Release|Any CPU
		{B2D72E98-EADD-4FB4-A803-3893110227B2}.Release|x64.ActiveCfg = Release|Any CPU
		{B2D72E98-EADD-4FB4-A803-3893110227B2}.Release|x64.Build.0 = Release|Any CPU
		{B2D72E98-EADD-4FB4-A803-3893110227B2}.Release|x86.ActiveCfg = Release|Any CPU
		{B2D72E98-EADD-4FB4-A803-3893110227B2}.Release|x86.Build.0 = Release|Any CPU
		{C3CA2308-5C22-4F33-B36B-223E0C0363FB}.Debug|Any CPU.ActiveCfg = Debug|Any CPU
		{C3CA2308-5C22-4F33-B36B-223E0C0363FB}.Debug|Any CPU.Build.0 = Debug|Any CPU
		{C3CA2308-5C22-4F33-B36B-223E0C0363FB}.Debug|Mixed Platforms.ActiveCfg = Debug|Any CPU
		{C3CA2308-5C22-4F33-B36B-223E0C0363FB}.Debug|Mixed Platforms.Build.0 = Debug|Any CPU
		{C3CA2308-5C22-4F33-B36B-223E0C0363FB}.Debug|x64.ActiveCfg = Debug|Any CPU
		{C3CA2308-5C22-4F33-B36B-223E0C0363FB}.Debug|x64.Build.0 = Debug|Any CPU
		{C3CA2308-5C22-4F33-B36B-223E0C0363FB}.Debug|x86.ActiveCfg = Debug|Any CPU
		{C3CA2308-5C22-4F33-B36B-223E0C0363FB}.Debug|x86.Build.0 = Debug|Any CPU
		{C3CA2308-5C22-4F33-B36B-223E0C0363FB}.Release|Any CPU.ActiveCfg = Release|Any CPU
		{C3CA2308-5C22-4F33-B36B-223E0C0363FB}.Release|Any CPU.Build.0 = Release|Any CPU
		{C3CA2308-5C22-4F33-B36B-223E0C0363FB}.Release|Mixed Platforms.ActiveCfg = Release|Any CPU
		{C3CA2308-5C22-4F33-B36B-223E0C0363FB}.Release|Mixed Platforms.Build.0 = Release|Any CPU
		{C3CA2308-5C22-4F33-B36B-223E0C0363FB}.Release|x64.ActiveCfg = Release|Any CPU
		{C3CA2308-5C22-4F33-B36B-223E0C0363FB}.Release|x64.Build.0 = Release|Any CPU
		{C3CA2308-5C22-4F33-B36B-223E0C0363FB}.Release|x86.ActiveCfg = Release|Any CPU
		{C3CA2308-5C22-4F33-B36B-223E0C0363FB}.Release|x86.Build.0 = Release|Any CPU
		{601FDEB7-595E-4CCC-A213-48BCADEC5B64}.Debug|Any CPU.ActiveCfg = Debug|Any CPU
		{601FDEB7-595E-4CCC-A213-48BCADEC5B64}.Debug|Any CPU.Build.0 = Debug|Any CPU
		{601FDEB7-595E-4CCC-A213-48BCADEC5B64}.Debug|Mixed Platforms.ActiveCfg = Debug|Any CPU
		{601FDEB7-595E-4CCC-A213-48BCADEC5B64}.Debug|Mixed Platforms.Build.0 = Debug|Any CPU
		{601FDEB7-595E-4CCC-A213-48BCADEC5B64}.Debug|x64.ActiveCfg = Debug|Any CPU
		{601FDEB7-595E-4CCC-A213-48BCADEC5B64}.Debug|x64.Build.0 = Debug|Any CPU
		{601FDEB7-595E-4CCC-A213-48BCADEC5B64}.Debug|x86.ActiveCfg = Debug|Any CPU
		{601FDEB7-595E-4CCC-A213-48BCADEC5B64}.Debug|x86.Build.0 = Debug|Any CPU
		{601FDEB7-595E-4CCC-A213-48BCADEC5B64}.Release|Any CPU.ActiveCfg = Release|Any CPU
		{601FDEB7-595E-4CCC-A213-48BCADEC5B64}.Release|Any CPU.Build.0 = Release|Any CPU
		{601FDEB7-595E-4CCC-A213-48BCADEC5B64}.Release|Mixed Platforms.ActiveCfg = Release|Any CPU
		{601FDEB7-595E-4CCC-A213-48BCADEC5B64}.Release|Mixed Platforms.Build.0 = Release|Any CPU
		{601FDEB7-595E-4CCC-A213-48BCADEC5B64}.Release|x64.ActiveCfg = Release|Any CPU
		{601FDEB7-595E-4CCC-A213-48BCADEC5B64}.Release|x64.Build.0 = Release|Any CPU
		{601FDEB7-595E-4CCC-A213-48BCADEC5B64}.Release|x86.ActiveCfg = Release|Any CPU
		{601FDEB7-595E-4CCC-A213-48BCADEC5B64}.Release|x86.Build.0 = Release|Any CPU
		{E35540DB-B5FB-4826-A510-C9AE8E90DD56}.Debug|Any CPU.ActiveCfg = Debug|Any CPU
		{E35540DB-B5FB-4826-A510-C9AE8E90DD56}.Debug|Any CPU.Build.0 = Debug|Any CPU
		{E35540DB-B5FB-4826-A510-C9AE8E90DD56}.Debug|Mixed Platforms.ActiveCfg = Debug|Any CPU
		{E35540DB-B5FB-4826-A510-C9AE8E90DD56}.Debug|Mixed Platforms.Build.0 = Debug|Any CPU
		{E35540DB-B5FB-4826-A510-C9AE8E90DD56}.Debug|x64.ActiveCfg = Debug|Any CPU
		{E35540DB-B5FB-4826-A510-C9AE8E90DD56}.Debug|x64.Build.0 = Debug|Any CPU
		{E35540DB-B5FB-4826-A510-C9AE8E90DD56}.Debug|x86.ActiveCfg = Debug|Any CPU
		{E35540DB-B5FB-4826-A510-C9AE8E90DD56}.Debug|x86.Build.0 = Debug|Any CPU
		{E35540DB-B5FB-4826-A510-C9AE8E90DD56}.Release|Any CPU.ActiveCfg = Release|Any CPU
		{E35540DB-B5FB-4826-A510-C9AE8E90DD56}.Release|Any CPU.Build.0 = Release|Any CPU
		{E35540DB-B5FB-4826-A510-C9AE8E90DD56}.Release|Mixed Platforms.ActiveCfg = Release|Any CPU
		{E35540DB-B5FB-4826-A510-C9AE8E90DD56}.Release|Mixed Platforms.Build.0 = Release|Any CPU
		{E35540DB-B5FB-4826-A510-C9AE8E90DD56}.Release|x64.ActiveCfg = Release|Any CPU
		{E35540DB-B5FB-4826-A510-C9AE8E90DD56}.Release|x64.Build.0 = Release|Any CPU
		{E35540DB-B5FB-4826-A510-C9AE8E90DD56}.Release|x86.ActiveCfg = Release|Any CPU
		{E35540DB-B5FB-4826-A510-C9AE8E90DD56}.Release|x86.Build.0 = Release|Any CPU
		{8A6FC780-2792-4642-BCAE-7C2F7B278729}.Debug|Any CPU.ActiveCfg = Debug|Any CPU
		{8A6FC780-2792-4642-BCAE-7C2F7B278729}.Debug|Any CPU.Build.0 = Debug|Any CPU
		{8A6FC780-2792-4642-BCAE-7C2F7B278729}.Debug|Mixed Platforms.ActiveCfg = Debug|Any CPU
		{8A6FC780-2792-4642-BCAE-7C2F7B278729}.Debug|Mixed Platforms.Build.0 = Debug|Any CPU
		{8A6FC780-2792-4642-BCAE-7C2F7B278729}.Debug|x64.ActiveCfg = Debug|Any CPU
		{8A6FC780-2792-4642-BCAE-7C2F7B278729}.Debug|x64.Build.0 = Debug|Any CPU
		{8A6FC780-2792-4642-BCAE-7C2F7B278729}.Debug|x86.ActiveCfg = Debug|Any CPU
		{8A6FC780-2792-4642-BCAE-7C2F7B278729}.Debug|x86.Build.0 = Debug|Any CPU
		{8A6FC780-2792-4642-BCAE-7C2F7B278729}.Release|Any CPU.ActiveCfg = Release|Any CPU
		{8A6FC780-2792-4642-BCAE-7C2F7B278729}.Release|Any CPU.Build.0 = Release|Any CPU
		{8A6FC780-2792-4642-BCAE-7C2F7B278729}.Release|Mixed Platforms.ActiveCfg = Release|Any CPU
		{8A6FC780-2792-4642-BCAE-7C2F7B278729}.Release|Mixed Platforms.Build.0 = Release|Any CPU
		{8A6FC780-2792-4642-BCAE-7C2F7B278729}.Release|x64.ActiveCfg = Release|Any CPU
		{8A6FC780-2792-4642-BCAE-7C2F7B278729}.Release|x64.Build.0 = Release|Any CPU
		{8A6FC780-2792-4642-BCAE-7C2F7B278729}.Release|x86.ActiveCfg = Release|Any CPU
		{8A6FC780-2792-4642-BCAE-7C2F7B278729}.Release|x86.Build.0 = Release|Any CPU
		{626B3274-714A-4D8E-95FE-1196CD365FA9}.Debug|Any CPU.ActiveCfg = Debug|Any CPU
		{626B3274-714A-4D8E-95FE-1196CD365FA9}.Debug|Any CPU.Build.0 = Debug|Any CPU
		{626B3274-714A-4D8E-95FE-1196CD365FA9}.Debug|Mixed Platforms.ActiveCfg = Debug|Any CPU
		{626B3274-714A-4D8E-95FE-1196CD365FA9}.Debug|Mixed Platforms.Build.0 = Debug|Any CPU
		{626B3274-714A-4D8E-95FE-1196CD365FA9}.Debug|x64.ActiveCfg = Debug|Any CPU
		{626B3274-714A-4D8E-95FE-1196CD365FA9}.Debug|x64.Build.0 = Debug|Any CPU
		{626B3274-714A-4D8E-95FE-1196CD365FA9}.Debug|x86.ActiveCfg = Debug|Any CPU
		{626B3274-714A-4D8E-95FE-1196CD365FA9}.Debug|x86.Build.0 = Debug|Any CPU
		{626B3274-714A-4D8E-95FE-1196CD365FA9}.Release|Any CPU.ActiveCfg = Release|Any CPU
		{626B3274-714A-4D8E-95FE-1196CD365FA9}.Release|Any CPU.Build.0 = Release|Any CPU
		{626B3274-714A-4D8E-95FE-1196CD365FA9}.Release|Mixed Platforms.ActiveCfg = Release|Any CPU
		{626B3274-714A-4D8E-95FE-1196CD365FA9}.Release|Mixed Platforms.Build.0 = Release|Any CPU
		{626B3274-714A-4D8E-95FE-1196CD365FA9}.Release|x64.ActiveCfg = Release|Any CPU
		{626B3274-714A-4D8E-95FE-1196CD365FA9}.Release|x64.Build.0 = Release|Any CPU
		{626B3274-714A-4D8E-95FE-1196CD365FA9}.Release|x86.ActiveCfg = Release|Any CPU
		{626B3274-714A-4D8E-95FE-1196CD365FA9}.Release|x86.Build.0 = Release|Any CPU
		{8DCDF4EC-12AE-42F2-964D-420025C1CB46}.Debug|Any CPU.ActiveCfg = Debug|Any CPU
		{8DCDF4EC-12AE-42F2-964D-420025C1CB46}.Debug|Any CPU.Build.0 = Debug|Any CPU
		{8DCDF4EC-12AE-42F2-964D-420025C1CB46}.Debug|Mixed Platforms.ActiveCfg = Debug|Any CPU
		{8DCDF4EC-12AE-42F2-964D-420025C1CB46}.Debug|Mixed Platforms.Build.0 = Debug|Any CPU
		{8DCDF4EC-12AE-42F2-964D-420025C1CB46}.Debug|x64.ActiveCfg = Debug|Any CPU
		{8DCDF4EC-12AE-42F2-964D-420025C1CB46}.Debug|x64.Build.0 = Debug|Any CPU
		{8DCDF4EC-12AE-42F2-964D-420025C1CB46}.Debug|x86.ActiveCfg = Debug|Any CPU
		{8DCDF4EC-12AE-42F2-964D-420025C1CB46}.Debug|x86.Build.0 = Debug|Any CPU
		{8DCDF4EC-12AE-42F2-964D-420025C1CB46}.Release|Any CPU.ActiveCfg = Release|Any CPU
		{8DCDF4EC-12AE-42F2-964D-420025C1CB46}.Release|Any CPU.Build.0 = Release|Any CPU
		{8DCDF4EC-12AE-42F2-964D-420025C1CB46}.Release|Mixed Platforms.ActiveCfg = Release|Any CPU
		{8DCDF4EC-12AE-42F2-964D-420025C1CB46}.Release|Mixed Platforms.Build.0 = Release|Any CPU
		{8DCDF4EC-12AE-42F2-964D-420025C1CB46}.Release|x64.ActiveCfg = Release|Any CPU
		{8DCDF4EC-12AE-42F2-964D-420025C1CB46}.Release|x64.Build.0 = Release|Any CPU
		{8DCDF4EC-12AE-42F2-964D-420025C1CB46}.Release|x86.ActiveCfg = Release|Any CPU
		{8DCDF4EC-12AE-42F2-964D-420025C1CB46}.Release|x86.Build.0 = Release|Any CPU
	EndGlobalSection
	GlobalSection(SolutionProperties) = preSolution
		HideSolutionNode = FALSE
	EndGlobalSection
	GlobalSection(ExtensibilityGlobals) = postSolution
		SolutionGuid = {4F2D50BC-E2D3-4804-B396-B6A2DA3F7955}
	EndGlobalSection
EndGlobal
